{
  "originHash" : "0ed1a20ef167ff6bbd7e233d8316ce8089f144b9619fb921d55eb1b69ffdfd4c",
  "pins" : [
    {
      "identity" : "rive-ios",
      "kind" : "remoteSourceControl",
      "location" : "https://github.com/rive-app/rive-ios",
      "state" : {
        "revision" : "ad2419c05bc03fbb2c7cc333240104f1755ddd29",
        "version" : "6.1.1"
      }
    }
  ],
  "version" : 3
}
